// !$*UTF8*$!
{
	archiveVersion = 1;
	classes = {
	};
	objectVersion = 50;
	objects = {

/* Begin PBXBuildFile section */
		BBAF9CBC24FF454F00576CD1 /* AppDelegate.swift in Sources */ = {isa = PBXBuildFile; fileRef = BBAF9CBB24FF454F00576CD1 /* AppDelegate.swift */; };
		BBAF9CBE24FF454F00576CD1 /* SceneDelegate.swift in Sources */ = {isa = PBXBuildFile; fileRef = BBAF9CBD24FF454F00576CD1 /* SceneDelegate.swift */; };
		BBAF9CC024FF454F00576CD1 /* LoginViewController.swift in Sources */ = {isa = PBXBuildFile; fileRef = BBAF9CBF24FF454F00576CD1 /* LoginViewController.swift */; };
		BBAF9CC524FF455100576CD1 /* Assets.xcassets in Resources */ = {isa = PBXBuildFile; fileRef = BBAF9CC424FF455100576CD1 /* Assets.xcassets */; };
		BBAF9CC824FF455100576CD1 /* LaunchScreen.storyboard in Resources */ = {isa = PBXBuildFile; fileRef = BBAF9CC624FF455100576CD1 /* LaunchScreen.storyboard */; };
		BBAF9CD02501F1F300576CD1 /* Main.storyboard in Resources */ = {isa = PBXBuildFile; fileRef = BBAF9CCF2501F1F300576CD1 /* Main.storyboard */; };
		BBD199C62509FC2600A48C4F /* KeychainPasswordItem.swift in Sources */ = {isa = PBXBuildFile; fileRef = BBD199C52509FC2600A48C4F /* KeychainPasswordItem.swift */; };
		BBD199C82509FC9A00A48C4F /* KeyChainManager.swift in Sources */ = {isa = PBXBuildFile; fileRef = BBD199C72509FC9A00A48C4F /* KeyChainManager.swift */; };
/* End PBXBuildFile section */

/* Begin PBXFileReference section */
		BBAF9CB824FF454F00576CD1 /* ApplicationSecurity.app */ = {isa = PBXFileReference; explicitFileType = wrapper.application; includeInIndex = 0; path = ApplicationSecurity.app; sourceTree = BUILT_PRODUCTS_DIR; };
		BBAF9CBB24FF454F00576CD1 /* AppDelegate.swift */ = {isa = PBXFileReference; lastKnownFileType = sourcecode.swift; path = AppDelegate.swift; sourceTree = "<group>"; };
		BBAF9CBD24FF454F00576CD1 /* SceneDelegate.swift */ = {isa = PBXFileReference; lastKnownFileType = sourcecode.swift; path = SceneDelegate.swift; sourceTree = "<group>"; };
		BBAF9CBF24FF454F00576CD1 /* LoginViewController.swift */ = {isa = PBXFileReference; lastKnownFileType = sourcecode.swift; path = LoginViewController.swift; sourceTree = "<group>"; };
		BBAF9CC424FF455100576CD1 /* Assets.xcassets */ = {isa = PBXFileReference; lastKnownFileType = folder.assetcatalog; path = Assets.xcassets; sourceTree = "<group>"; };
		BBAF9CC724FF455100576CD1 /* Base */ = {isa = PBXFileReference; lastKnownFileType = file.storyboard; name = Base; path = Base.lproj/LaunchScreen.storyboard; sourceTree = "<group>"; };
		BBAF9CC924FF455100576CD1 /* Info.plist */ = {isa = PBXFileReference; lastKnownFileType = text.plist.xml; path = Info.plist; sourceTree = "<group>"; };
		BBAF9CCF2501F1F300576CD1 /* Main.storyboard */ = {isa = PBXFileReference; fileEncoding = 4; lastKnownFileType = file.storyboard; path = Main.storyboard; sourceTree = "<group>"; };
		BBD199C52509FC2600A48C4F /* KeychainPasswordItem.swift */ = {isa = PBXFileReference; fileEncoding = 4; lastKnownFileType = sourcecode.swift; path = KeychainPasswordItem.swift; sourceTree = "<group>"; };
		BBD199C72509FC9A00A48C4F /* KeyChainManager.swift */ = {isa = PBXFileReference; lastKnownFileType = sourcecode.swift; path = KeyChainManager.swift; sourceTree = "<group>"; };
/* End PBXFileReference section */

/* Begin PBXFrameworksBuildPhase section */
		BBAF9CB524FF454F00576CD1 /* Frameworks */ = {
			isa = PBXFrameworksBuildPhase;
			buildActionMask = 2147483647;
			files = (
			);
			runOnlyForDeploymentPostprocessing = 0;
		};
/* End PBXFrameworksBuildPhase section */

/* Begin PBXGroup section */
		BBAF9CAF24FF454F00576CD1 = {
			isa = PBXGroup;
			children = (
				BBAF9CBA24FF454F00576CD1 /* ApplicationSecurity */,
				BBAF9CB924FF454F00576CD1 /* Products */,
			);
			sourceTree = "<group>";
		};
		BBAF9CB924FF454F00576CD1 /* Products */ = {
			isa = PBXGroup;
			children = (
				BBAF9CB824FF454F00576CD1 /* ApplicationSecurity.app */,
			);
			name = Products;
			sourceTree = "<group>";
		};
		BBAF9CBA24FF454F00576CD1 /* ApplicationSecurity */ = {
			isa = PBXGroup;
			children = (
				BBD199C42509FC1400A48C4F /* KeyChain */,
				BBAF9CBB24FF454F00576CD1 /* AppDelegate.swift */,
				BBAF9CBD24FF454F00576CD1 /* SceneDelegate.swift */,
				BBAF9CCF2501F1F300576CD1 /* Main.storyboard */,
				BBAF9CBF24FF454F00576CD1 /* LoginViewController.swift */,
				BBAF9CC424FF455100576CD1 /* Assets.xcassets */,
				BBAF9CC624FF455100576CD1 /* LaunchScreen.storyboard */,
				BBAF9CC924FF455100576CD1 /* Info.plist */,
			);
			path = ApplicationSecurity;
			sourceTree = "<group>";
		};
		BBD199C42509FC1400A48C4F /* KeyChain */ = {
			isa = PBXGroup;
			children = (
				BBD199C52509FC2600A48C4F /* KeychainPasswordItem.swift */,
				BBD199C72509FC9A00A48C4F /* KeyChainManager.swift */,
			);
			path = KeyChain;
			sourceTree = "<group>";
		};
/* End PBXGroup section */

/* Begin PBXNativeTarget section */
		BBAF9CB724FF454F00576CD1 /* ApplicationSecurity */ = {
			isa = PBXNativeTarget;
			buildConfigurationList = BBAF9CCC24FF455100576CD1 /* Build configuration list for PBXNativeTarget "ApplicationSecurity" */;
			buildPhases = (
				BBAF9CB424FF454F00576CD1 /* Sources */,
				BBAF9CB524FF454F00576CD1 /* Frameworks */,
				BBAF9CB624FF454F00576CD1 /* Resources */,
			);
			buildRules = (
			);
			dependencies = (
			);
			name = ApplicationSecurity;
			productName = ApplicationSecurity;
			productReference = BBAF9CB824FF454F00576CD1 /* ApplicationSecurity.app */;
			productType = "com.apple.product-type.application";
		};
/* End PBXNativeTarget section */

/* Begin PBXProject section */
		BBAF9CB024FF454F00576CD1 /* Project object */ = {
			isa = PBXProject;
			attributes = {
				LastSwiftUpdateCheck = 1160;
				LastUpgradeCheck = 1160;
				ORGANIZATIONNAME = symbolicTrace;
				TargetAttributes = {
					BBAF9CB724FF454F00576CD1 = {
						CreatedOnToolsVersion = 11.6;
					};
				};
			};
			buildConfigurationList = BBAF9CB324FF454F00576CD1 /* Build configuration list for PBXProject "ApplicationSecurity" */;
			compatibilityVersion = "Xcode 9.3";
			developmentRegion = en;
			hasScannedForEncodings = 0;
			knownRegions = (
				en,
				Base,
			);
			mainGroup = BBAF9CAF24FF454F00576CD1;
			productRefGroup = BBAF9CB924FF454F00576CD1 /* Products */;
			projectDirPath = "";
			projectRoot = "";
			targets = (
				BBAF9CB724FF454F00576CD1 /* ApplicationSecurity */,
			);
		};
/* End PBXProject section */

/* Begin PBXResourcesBuildPhase section */
		BBAF9CB624FF454F00576CD1 /* Resources */ = {
			isa = PBXResourcesBuildPhase;
			buildActionMask = 2147483647;
			files = (
				BBAF9CD02501F1F300576CD1 /* Main.storyboard in Resources */,
				BBAF9CC824FF455100576CD1 /* LaunchScreen.storyboard in Resources */,
				BBAF9CC524FF455100576CD1 /* Assets.xcassets in Resources */,
			);
			runOnlyForDeploymentPostprocessing = 0;
		};
/* End PBXResourcesBuildPhase section */

/* Begin PBXSourcesBuildPhase section */
		BBAF9CB424FF454F00576CD1 /* Sources */ = {
			isa = PBXSourcesBuildPhase;
			buildActionMask = 2147483647;
			files = (
				BBAF9CC024FF454F00576CD1 /* LoginViewController.swift in Sources */,
				BBAF9CBC24FF454F00576CD1 /* AppDelegate.swift in Sources */,
				BBD199C82509FC9A00A48C4F /* KeyChainManager.swift in Sources */,
				BBAF9CBE24FF454F00576CD1 /* SceneDelegate.swift in Sources */,
				BBD199C62509FC2600A48C4F /* KeychainPasswordItem.swift in Sources */,
			);
			runOnlyForDeploymentPostprocessing = 0;
		};
/* End PBXSourcesBuildPhase section */

/* Begin PBXVariantGroup section */
		BBAF9CC624FF455100576CD1 /* LaunchScreen.storyboard */ = {
			isa = PBXVariantGroup;
			children = (
				BBAF9CC724FF455100576CD1 /* Base */,
			);
			name = LaunchScreen.storyboard;
			sourceTree = "<group>";
		};
/* End PBXVariantGroup section */

/* Begin XCBuildConfiguration section */
		BBAF9CCA24FF455100576CD1 /* Debug */ = {
			isa = XCBuildConfiguration;
			buildSettings = {
				ALWAYS_SEARCH_USER_PATHS = NO;
				CLANG_ANALYZER_NONNULL = YES;
				CLANG_ANALYZER_NUMBER_OBJECT_CONVERSION = YES_AGGRESSIVE;
				CLANG_CXX_LANGUAGE_STANDARD = "gnu++14";
				CLANG_CXX_LIBRARY = "libc++";
				CLANG_ENABLE_MODULES = YES;
				CLANG_ENABLE_OBJC_ARC = YES;
				CLANG_ENABLE_OBJC_WEAK = YES;
				CLANG_WARN_BLOCK_CAPTURE_AUTORELEASING = YES;
				CLANG_WARN_BOOL_CONVERSION = YES;
				CLANG_WARN_COMMA = YES;
				CLANG_WARN_CONSTANT_CONVERSION = YES;
				CLANG_WARN_DEPRECATED_OBJC_IMPLEMENTATIONS = YES;
				CLANG_WARN_DIRECT_OBJC_ISA_USAGE = YES_ERROR;
				CLANG_WARN_DOCUMENTATION_COMMENTS = YES;
				CLANG_WARN_EMPTY_BODY = YES;
				CLANG_WARN_ENUM_CONVERSION = YES;
				CLANG_WARN_INFINITE_RECURSION = YES;
				CLANG_WARN_INT_CONVERSION = YES;
				CLANG_WARN_NON_LITERAL_NULL_CONVERSION = YES;
				CLANG_WARN_OBJC_IMPLICIT_RETAIN_SELF = YES;
				CLANG_WARN_OBJC_LITERAL_CONVERSION = YES;
				CLANG_WARN_OBJC_ROOT_CLASS = YES_ERROR;
				CLANG_WARN_RANGE_LOOP_ANALYSIS = YES;
				CLANG_WARN_STRICT_PROTOTYPES = YES;
				CLANG_WARN_SUSPICIOUS_MOVE = YES;
				CLANG_WARN_UNGUARDED_AVAILABILITY = YES_AGGRESSIVE;
				CLANG_WARN_UNREACHABLE_CODE = YES;
				CLANG_WARN__DUPLICATE_METHOD_MATCH = YES;
				COPY_PHASE_STRIP = NO;
				DEBUG_INFORMATION_FORMAT = dwarf;
				ENABLE_STRICT_OBJC_MSGSEND = YES;
				ENABLE_TESTABILITY = YES;
				GCC_C_LANGUAGE_STANDARD = gnu11;
				GCC_DYNAMIC_NO_PIC = NO;
				GCC_NO_COMMON_BLOCKS = YES;
				GCC_OPTIMIZATION_LEVEL = 0;
				GCC_PREPROCESSOR_DEFINITIONS = (
					"DEBUG=1",
					"$(inherited)",
				);
				GCC_WARN_64_TO_32_BIT_CONVERSION = YES;
				GCC_WARN_ABOUT_RETURN_TYPE = YES_ERROR;
				GCC_WARN_UNDECLARED_SELECTOR = YES;
				GCC_WARN_UNINITIALIZED_AUTOS = YES_AGGRESSIVE;
				GCC_WARN_UNUSED_FUNCTION = YES;
				GCC_WARN_UNUSED_VARIABLE = YES;
				IPHONEOS_DEPLOYMENT_TARGET = 13.6;
				MTL_ENABLE_DEBUG_INFO = INCLUDE_SOURCE;
				MTL_FAST_MATH = YES;
				ONLY_ACTIVE_ARCH = YES;
				SDKROOT = iphoneos;
				SWIFT_ACTIVE_COMPILATION_CONDITIONS = DEBUG;
				SWIFT_OPTIMIZATION_LEVEL = "-Onone";
			};
			name = Debug;
		};
		BBAF9CCB24FF455100576CD1 /* Release */ = {
			isa = XCBuildConfiguration;
			buildSettings = {
				ALWAYS_SEARCH_USER_PATHS = NO;
				CLANG_ANALYZER_NONNULL = YES;
				CLANG_ANALYZER_NUMBER_OBJECT_CONVERSION = YES_AGGRESSIVE;
				CLANG_CXX_LANGUAGE_STANDARD = "gnu++14";
				CLANG_CXX_LIBRARY = "libc++";
				CLANG_ENABLE_MODULES = YES;
				CLANG_ENABLE_OBJC_ARC = YES;
				CLANG_ENABLE_OBJC_WEAK = YES;
				CLANG_WARN_BLOCK_CAPTURE_AUTORELEASING = YES;
				CLANG_WARN_BOOL_CONVERSION = YES;
				CLANG_WARN_COMMA = YES;
				CLANG_WARN_CONSTANT_CONVERSION = YES;
				CLANG_WARN_DEPRECATED_OBJC_IMPLEMENTATIONS = YES;
				CLANG_WARN_DIRECT_OBJC_ISA_USAGE = YES_ERROR;
				CLANG_WARN_DOCUMENTATION_COMMENTS = YES;
				CLANG_WARN_EMPTY_BODY = YES;
				CLANG_WARN_ENUM_CONVERSION = YES;
				CLANG_WARN_INFINITE_RECURSION = YES;
				CLANG_WARN_INT_CONVERSION = YES;
				CLANG_WARN_NON_LITERAL_NULL_CONVERSION = YES;
				CLANG_WARN_OBJC_IMPLICIT_RETAIN_SELF = YES;
				CLANG_WARN_OBJC_LITERAL_CONVERSION = YES;
				CLANG_WARN_OBJC_ROOT_CLASS = YES_ERROR;
				CLANG_WARN_RANGE_LOOP_ANALYSIS = YES;
				CLANG_WARN_STRICT_PROTOTYPES = YES;
				CLANG_WARN_SUSPICIOUS_MOVE = YES;
				CLANG_WARN_UNGUARDED_AVAILABILITY = YES_AGGRESSIVE;
				CLANG_WARN_UNREACHABLE_CODE = YES;
				CLANG_WARN__DUPLICATE_METHOD_MATCH = YES;
				COPY_PHASE_STRIP = NO;
				DEBUG_INFORMATION_FORMAT = "dwarf-with-dsym";
				ENABLE_NS_ASSERTIONS = NO;
				ENABLE_STRICT_OBJC_MSGSEND = YES;
				GCC_C_LANGUAGE_STANDARD = gnu11;
				GCC_NO_COMMON_BLOCKS = YES;
				GCC_WARN_64_TO_32_BIT_CONVERSION = YES;
				GCC_WARN_ABOUT_RETURN_TYPE = YES_ERROR;
				GCC_WARN_UNDECLARED_SELECTOR = YES;
				GCC_WARN_UNINITIALIZED_AUTOS = YES_AGGRESSIVE;
				GCC_WARN_UNUSED_FUNCTION = YES;
				GCC_WARN_UNUSED_VARIABLE = YES;
				IPHONEOS_DEPLOYMENT_TARGET = 13.6;
				MTL_ENABLE_DEBUG_INFO = NO;
				MTL_FAST_MATH = YES;
				SDKROOT = iphoneos;
				SWIFT_COMPILATION_MODE = wholemodule;
				SWIFT_OPTIMIZATION_LEVEL = "-O";
				VALIDATE_PRODUCT = YES;
			};
			name = Release;
		};
		BBAF9CCD24FF455100576CD1 /* Debug */ = {
			isa = XCBuildConfiguration;
			buildSettings = {
				ASSETCATALOG_COMPILER_APPICON_NAME = AppIcon;
				CODE_SIGN_STYLE = Automatic;
				DEVELOPMENT_TEAM = 686P35FPVA;
				INFOPLIST_FILE = ApplicationSecurity/Info.plist;
				LD_RUNPATH_SEARCH_PATHS = (
					"$(inherited)",
					"@executable_path/Frameworks",
				);
				PRODUCT_BUNDLE_IDENTIFIER = symbolicTrace.ApplicationSecurity;
				PRODUCT_NAME = "$(TARGET_NAME)";
				SWIFT_VERSION = 5.0;
				TARGETED_DEVICE_FAMILY = "1,2";
			};
			name = Debug;
		};
		BBAF9CCE24FF455100576CD1 /* Release */ = {
			isa = XCBuildConfiguration;
			buildSettings = {
				ASSETCATALOG_COMPILER_APPICON_NAME = AppIcon;
				CODE_SIGN_STYLE = Automatic;
				DEVELOPMENT_TEAM = 686P35FPVA;
				INFOPLIST_FILE = ApplicationSecurity/Info.plist;
				LD_RUNPATH_SEARCH_PATHS = (
					"$(inherited)",
					"@executable_path/Frameworks",
				);
				PRODUCT_BUNDLE_IDENTIFIER = symbolicTrace.ApplicationSecurity;
				PRODUCT_NAME = "$(TARGET_NAME)";
				SWIFT_VERSION = 5.0;
				TARGETED_DEVICE_FAMILY = "1,2";
			};
			name = Release;
		};
/* End XCBuildConfiguration section */

/* Begin XCConfigurationList section */
		BBAF9CB324FF454F00576CD1 /* Build configuration list for PBXProject "ApplicationSecurity" */ = {
			isa = XCConfigurationList;
			buildConfigurations = (
				BBAF9CCA24FF455100576CD1 /* Debug */,
				BBAF9CCB24FF455100576CD1 /* Release */,
			);
			defaultConfigurationIsVisible = 0;
			defaultConfigurationName = Release;
		};
		BBAF9CCC24FF455100576CD1 /* Build configuration list for PBXNativeTarget "ApplicationSecurity" */ = {
			isa = XCConfigurationList;
			buildConfigurations = (
				BBAF9CCD24FF455100576CD1 /* Debug */,
				BBAF9CCE24FF455100576CD1 /* Release */,
			);
			defaultConfigurationIsVisible = 0;
			defaultConfigurationName = Release;
		};
/* End XCConfigurationList section */
	};
	rootObject = BBAF9CB024FF454F00576CD1 /* Project object */;
}
